
Microsoft Visual Studio Solution File, Format Version 12.00
# Visual Studio Version 16
VisualStudioVersion = 16.0.30711.63
MinimumVisualStudioVersion = 10.0.40219.1
Project("{9A19103F-16F7-4668-BE54-9A1E7A4F7556}") = "Loon", "Loon\Loon.csproj", "{35532C8B-0CDC-4D38-A58B-CB8851DF6CA7}"
	ProjectSection(ProjectDependencies) = postProject
		{06B8791B-E82F-439F-BBF6-8409F68A1A89} = {06B8791B-E82F-439F-BBF6-8409F68A1A89}
	EndProjectSection
EndProject
Project("{9A19103F-16F7-4668-BE54-9A1E7A4F7556}") = "Twitter", "Twitter\Twitter.csproj", "{06B8791B-E82F-439F-BBF6-8409F68A1A89}"
EndProject
Project("{FAE04EC0-301F-11D3-BF4B-00C04F79EFBC}") = "Loon.Desktop", "Loon.Desktop\Loon.Desktop.csproj", "{CA21D398-1FFC-4BEE-A4DE-2C28B0DD7583}"
EndProject
Global
	GlobalSection(SolutionConfigurationPlatforms) = preSolution
		Debug|AnyCPU = Debug|AnyCPU
		Release|AnyCPU = Release|AnyCPU
	EndGlobalSection
	GlobalSection(ProjectConfigurationPlatforms) = postSolution
		{35532C8B-0CDC-4D38-A58B-CB8851DF6CA7}.Debug|AnyCPU.ActiveCfg = Debug|Any CPU
		{35532C8B-0CDC-4D38-A58B-CB8851DF6CA7}.Debug|AnyCPU.Build.0 = Debug|Any CPU
		{35532C8B-0CDC-4D38-A58B-CB8851DF6CA7}.Release|AnyCPU.ActiveCfg = Release|Any CPU
		{35532C8B-0CDC-4D38-A58B-CB8851DF6CA7}.Release|AnyCPU.Build.0 = Release|Any CPU
		{CA21D398-1FFC-4BEE-A4DE-2C28B0DD7583}.Debug|AnyCPU.ActiveCfg = Debug|Any CPU
		{CA21D398-1FFC-4BEE-A4DE-2C28B0DD7583}.Debug|AnyCPU.Build.0 = Debug|Any CPU
		{CA21D398-1FFC-4BEE-A4DE-2C28B0DD7583}.Release|AnyCPU.ActiveCfg = Release|Any CPU
		{CA21D398-1FFC-4BEE-A4DE-2C28B0DD7583}.Release|AnyCPU.Build.0 = Release|Any CPU
		{06B8791B-E82F-439F-BBF6-8409F68A1A89}.Debug|AnyCPU.ActiveCfg = Debug|Any CPU
		{06B8791B-E82F-439F-BBF6-8409F68A1A89}.Debug|AnyCPU.Build.0 = Debug|Any CPU
		{06B8791B-E82F-439F-BBF6-8409F68A1A89}.Release|AnyCPU.ActiveCfg = Release|Any CPU
		{06B8791B-E82F-439F-BBF6-8409F68A1A89}.Release|AnyCPU.Build.0 = Release|Any CPU
	EndGlobalSection
	GlobalSection(SolutionProperties) = preSolution
		HideSolutionNode = FALSE
	EndGlobalSection
	GlobalSection(ExtensibilityGlobals) = postSolution
		SolutionGuid = {B7F296CA-E635-474F-94D0-96144E29949D}
	EndGlobalSection
EndGlobal
